# This file is generated by running "yarn install" inside your project.
# Manual changes might be lost - proceed with caution!

__metadata:
  version: 8
  cacheKey: 10c0

"@iden3/bigarray@npm:0.0.2":
  version: 0.0.2
  resolution: "@iden3/bigarray@npm:0.0.2"
  checksum: 10c0/a1c69a30f1bfb7eed0a1066e6a3d80aad3fab4dbb1bae96cf4dc7117ca9f791edc4a023d8cfb0afefbeab4d65f7bf91edfbb0a62e5ecdc8711c98bb329fedbaa
  languageName: node
  linkType: hard

"@iden3/binfileutils@npm:0.0.12":
  version: 0.0.12
  resolution: "@iden3/binfileutils@npm:0.0.12"
  dependencies:
    fastfile: "npm:0.0.20"
    ffjavascript: "npm:^0.3.0"
  checksum: 10c0/33783e2bad7901020bb1ba2236e0172a6f0bced519558466fe17ea2e51226a06d769e869883b1d6fe1abcc459327a77ee96265a52b53c2a964d9b4ef48b2263a
  languageName: node
  linkType: hard

"async@npm:^3.2.6":
  version: 3.2.6
  resolution: "async@npm:3.2.6"
  checksum: 10c0/36484bb15ceddf07078688d95e27076379cc2f87b10c03b6dd8a83e89475a3c8df5848859dd06a4c95af1e4c16fc973de0171a77f18ea00be899aca2a4f85e70
  languageName: node
  linkType: hard

"b4a@npm:^1.0.1":
  version: 1.7.3
  resolution: "b4a@npm:1.7.3"
  peerDependencies:
    react-native-b4a: "*"
  peerDependenciesMeta:
    react-native-b4a:
      optional: true
  checksum: 10c0/ac16d186e00fa0d16de1f1a4af413953bc762d50d5a0e382aaa744a13886600313b7293403ad77fc83f6b1489c3fc2610494d1026754a51d1b7cdac2115a7598
  languageName: node
  linkType: hard

"balanced-match@npm:^1.0.0":
  version: 1.0.2
  resolution: "balanced-match@npm:1.0.2"
  checksum: 10c0/9308baf0a7e4838a82bbfd11e01b1cb0f0cf2893bc1676c27c2a8c0e70cbae1c59120c3268517a8ae7fb6376b4639ef81ca22582611dbee4ed28df945134aaee
  languageName: node
  linkType: hard

"bfj@npm:^7.0.2":
  version: 7.1.0
  resolution: "bfj@npm:7.1.0"
  dependencies:
    bluebird: "npm:^3.7.2"
    check-types: "npm:^11.2.3"
    hoopy: "npm:^0.1.4"
    jsonpath: "npm:^1.1.1"
    tryer: "npm:^1.0.1"
  checksum: 10c0/e5fc6690cd093c06ca6ed7584a2caf0c4a762bc9d9d9cb18efbabc75c973b071a8dad7037c617d0ea4d97b7b439821fea32f7c232ed0be8fa7840533a9643171
  languageName: node
  linkType: hard

"blake2b-wasm@npm:^2.4.0":
  version: 2.4.0
  resolution: "blake2b-wasm@npm:2.4.0"
  dependencies:
    b4a: "npm:^1.0.1"
    nanoassert: "npm:^2.0.0"
  checksum: 10c0/0905a47ece466c44541c8abbc94a5441ecb24a3b2622bf1f2e285c1f0f82e2b1899c7bbd70294583cfd99e1276047dd80d7afc7408f3a7c5ebf426b2f2a42f6f
  languageName: node
  linkType: hard

"bluebird@npm:^3.7.2":
  version: 3.7.2
  resolution: "bluebird@npm:3.7.2"
  checksum: 10c0/680de03adc54ff925eaa6c7bb9a47a0690e8b5de60f4792604aae8ed618c65e6b63a7893b57ca924beaf53eee69c5af4f8314148c08124c550fe1df1add897d2
  languageName: node
  linkType: hard

"brace-expansion@npm:^2.0.1":
  version: 2.0.2
  resolution: "brace-expansion@npm:2.0.2"
  dependencies:
    balanced-match: "npm:^1.0.0"
  checksum: 10c0/6d117a4c793488af86b83172deb6af143e94c17bc53b0b3cec259733923b4ca84679d506ac261f4ba3c7ed37c46018e2ff442f9ce453af8643ecd64f4a54e6cf
  languageName: node
  linkType: hard

"check-types@npm:^11.2.3":
  version: 11.2.3
  resolution: "check-types@npm:11.2.3"
  checksum: 10c0/08d17e528b189e0e431689f0f2f0a78f425202f6e5ac93def5c3b8d128eb888a5103fc980d4feb7b2d4248f8114d354c223dff3c0b5ac4b1def526ef441aaf55
  languageName: node
  linkType: hard

"circom_runtime@npm:0.1.28":
  version: 0.1.28
  resolution: "circom_runtime@npm:0.1.28"
  dependencies:
    ffjavascript: "npm:0.3.1"
  bin:
    calcwit: calcwit.js
  checksum: 10c0/f2636b3cf553ea37701b527331ff740be7e31d51dc367c7f7bdffb69cf3a0d86c34ce215e4dbc0ad47f9c221c129ab11b111c6814e009c4d469592d73ab3c513
  languageName: node
  linkType: hard

"circomlib@npm:^2.0.5":
  version: 2.0.5
  resolution: "circomlib@npm:2.0.5"
  checksum: 10c0/6709e3df9e16c09015e69f9ee01d5fde340b888743a204be27e37880337db61f013f4a6b9573935fb410ddb02a0e89367edf509b89182a0c2e07c8a4777c91a4
  languageName: node
  linkType: hard

"deep-is@npm:~0.1.3":
  version: 0.1.4
  resolution: "deep-is@npm:0.1.4"
  checksum: 10c0/7f0ee496e0dff14a573dc6127f14c95061b448b87b995fc96c017ce0a1e66af1675e73f1d6064407975bc4ea6ab679497a29fff7b5b9c4e99cb10797c1ad0b4c
  languageName: node
  linkType: hard

"ejs@npm:^3.1.6":
  version: 3.1.10
  resolution: "ejs@npm:3.1.10"
  dependencies:
    jake: "npm:^10.8.5"
  bin:
    ejs: bin/cli.js
  checksum: 10c0/52eade9e68416ed04f7f92c492183340582a36482836b11eab97b159fcdcfdedc62233a1bf0bf5e5e1851c501f2dca0e2e9afd111db2599e4e7f53ee29429ae1
  languageName: node
  linkType: hard

"escodegen@npm:^1.8.1":
  version: 1.14.3
  resolution: "escodegen@npm:1.14.3"
  dependencies:
    esprima: "npm:^4.0.1"
    estraverse: "npm:^4.2.0"
    esutils: "npm:^2.0.2"
    optionator: "npm:^0.8.1"
    source-map: "npm:~0.6.1"
  dependenciesMeta:
    source-map:
      optional: true
  bin:
    escodegen: bin/escodegen.js
    esgenerate: bin/esgenerate.js
  checksum: 10c0/30d337803e8f44308c90267bf6192399e4b44792497c77a7506b68ab802ba6a48ebbe1ce77b219aba13dfd2de5f5e1c267e35be1ed87b2a9c3315e8b283e302a
  languageName: node
  linkType: hard

"esprima@npm:1.2.2":
  version: 1.2.2
  resolution: "esprima@npm:1.2.2"
  bin:
    esparse: ./bin/esparse.js
    esvalidate: ./bin/esvalidate.js
  checksum: 10c0/a5a8fd359651dd8228736d7352eb7636c7765e1ec6ff8fff3f6641622039a9f51fa501969a1a4777ba4187cf9942a8d7e0367dccaff768b782bdb1a71d046abf
  languageName: node
  linkType: hard

"esprima@npm:^4.0.1":
  version: 4.0.1
  resolution: "esprima@npm:4.0.1"
  bin:
    esparse: ./bin/esparse.js
    esvalidate: ./bin/esvalidate.js
  checksum: 10c0/ad4bab9ead0808cf56501750fd9d3fb276f6b105f987707d059005d57e182d18a7c9ec7f3a01794ebddcca676773e42ca48a32d67a250c9d35e009ca613caba3
  languageName: node
  linkType: hard

"estraverse@npm:^4.2.0":
  version: 4.3.0
  resolution: "estraverse@npm:4.3.0"
  checksum: 10c0/9cb46463ef8a8a4905d3708a652d60122a0c20bb58dec7e0e12ab0e7235123d74214fc0141d743c381813e1b992767e2708194f6f6e0f9fd00c1b4e0887b8b6d
  languageName: node
  linkType: hard

"esutils@npm:^2.0.2":
  version: 2.0.3
  resolution: "esutils@npm:2.0.3"
  checksum: 10c0/9a2fe69a41bfdade834ba7c42de4723c97ec776e40656919c62cbd13607c45e127a003f05f724a1ea55e5029a4cf2de444b13009f2af71271e42d93a637137c7
  languageName: node
  linkType: hard

"fast-levenshtein@npm:~2.0.6":
  version: 2.0.6
  resolution: "fast-levenshtein@npm:2.0.6"
  checksum: 10c0/111972b37338bcb88f7d9e2c5907862c280ebf4234433b95bc611e518d192ccb2d38119c4ac86e26b668d75f7f3894f4ff5c4982899afced7ca78633b08287c4
  languageName: node
  linkType: hard

"fastfile@npm:0.0.20":
  version: 0.0.20
  resolution: "fastfile@npm:0.0.20"
  checksum: 10c0/ca91f5658eec188c7ba3b910d7d87ed90d4d7ca92852fa14dd8c6d4ae4c2149b8147a30bbcafe727bf12f0ebb25c585a6cf0a112a3957b761ec913f8299fdd4f
  languageName: node
  linkType: hard

"ffjavascript@npm:0.3.0":
  version: 0.3.0
  resolution: "ffjavascript@npm:0.3.0"
  dependencies:
    wasmbuilder: "npm:0.0.16"
    wasmcurves: "npm:0.2.2"
    web-worker: "npm:1.2.0"
  checksum: 10c0/2899db6ab67162eb9a7a052c420d31b0e15c6fd12bc738c48559e0a926649f1d11afe9cfa2611ff13f816b2fd9fa047fb11f6f8682f0dea4f84c4dd9f5dc7c3c
  languageName: node
  linkType: hard

"ffjavascript@npm:0.3.1, ffjavascript@npm:^0.3.0, ffjavascript@npm:^0.3.1":
  version: 0.3.1
  resolution: "ffjavascript@npm:0.3.1"
  dependencies:
    wasmbuilder: "npm:0.0.16"
    wasmcurves: "npm:0.2.2"
    web-worker: "npm:1.2.0"
  checksum: 10c0/6928afe37cdbe9a88a9901a37d0abbdcfa61a8533517cb86e2584bf2701eaa10ce2bfa1d417499042f9b10b79bc058ec0ecc14d3fdc6cb55d21bfcac3d1c4521
  languageName: node
  linkType: hard

"filelist@npm:^1.0.4":
  version: 1.0.4
  resolution: "filelist@npm:1.0.4"
  dependencies:
    minimatch: "npm:^5.0.1"
  checksum: 10c0/426b1de3944a3d153b053f1c0ebfd02dccd0308a4f9e832ad220707a6d1f1b3c9784d6cadf6b2f68f09a57565f63ebc7bcdc913ccf8012d834f472c46e596f41
  languageName: node
  linkType: hard

"hoopy@npm:^0.1.4":
  version: 0.1.4
  resolution: "hoopy@npm:0.1.4"
  checksum: 10c0/4ef749e1a13d46cae52014b9de452635637086c333fc67245369a1262dee806386354a4ed845d507e59e5a0d3aef55246c0ec66f5bf2908d40eb77e7dff2a254
  languageName: node
  linkType: hard

"jake@npm:^10.8.5":
  version: 10.9.4
  resolution: "jake@npm:10.9.4"
  dependencies:
    async: "npm:^3.2.6"
    filelist: "npm:^1.0.4"
    picocolors: "npm:^1.1.1"
  bin:
    jake: bin/cli.js
  checksum: 10c0/bb52f000340d4a32f1a3893b9abe56ef2b77c25da4dbf2c0c874a8159d082dddda50a5ad10e26060198bd645b928ba8dba3b362710f46a247e335321188c5a9c
  languageName: node
  linkType: hard

"js-sha3@npm:^0.8.0":
  version: 0.8.0
  resolution: "js-sha3@npm:0.8.0"
  checksum: 10c0/43a21dc7967c871bd2c46cb1c2ae97441a97169f324e509f382d43330d8f75cf2c96dba7c806ab08a425765a9c847efdd4bffbac2d99c3a4f3de6c0218f40533
  languageName: node
  linkType: hard

"jsonpath@npm:^1.1.1":
  version: 1.1.1
  resolution: "jsonpath@npm:1.1.1"
  dependencies:
    esprima: "npm:1.2.2"
    static-eval: "npm:2.0.2"
    underscore: "npm:1.12.1"
  checksum: 10c0/4fea3f83bcb4df08c32090ba8a0d1a6d26244f6d19c4296f9b58caa01eeb7de0f8347eba40077ceee2f95acc69d032b0b48226d350339063ba580e87983f6dec
  languageName: node
  linkType: hard

"levn@npm:~0.3.0":
  version: 0.3.0
  resolution: "levn@npm:0.3.0"
  dependencies:
    prelude-ls: "npm:~1.1.2"
    type-check: "npm:~0.3.2"
  checksum: 10c0/e440df9de4233da0b389cd55bd61f0f6aaff766400bebbccd1231b81801f6dbc1d816c676ebe8d70566394b749fa624b1ed1c68070e9c94999f0bdecc64cb676
  languageName: node
  linkType: hard

"logplease@npm:^1.2.15":
  version: 1.2.15
  resolution: "logplease@npm:1.2.15"
  checksum: 10c0/e835ce89895c9335460a9b4b3a79f9f4161879f5cd49efc249f8af2a128403e391c177bf55ca7207fd6687aa16e376f9a96ce58dc639acc6b4b8b00d6225323c
  languageName: node
  linkType: hard

"minimatch@npm:^5.0.1":
  version: 5.1.6
  resolution: "minimatch@npm:5.1.6"
  dependencies:
    brace-expansion: "npm:^2.0.1"
  checksum: 10c0/3defdfd230914f22a8da203747c42ee3c405c39d4d37ffda284dac5e45b7e1f6c49aa8be606509002898e73091ff2a3bbfc59c2c6c71d4660609f63aa92f98e3
  languageName: node
  linkType: hard

"nanoassert@npm:^2.0.0":
  version: 2.0.0
  resolution: "nanoassert@npm:2.0.0"
  checksum: 10c0/fb21ce924a1ec8e8fac415a00fdd1c086c08bc185d0377e675b1d379347340fbf4a1523d8d2330e5328a542400cd7122599b6c6e21ce2ea40a9f11d68dfbfa1b
  languageName: node
  linkType: hard

"optionator@npm:^0.8.1":
  version: 0.8.3
  resolution: "optionator@npm:0.8.3"
  dependencies:
    deep-is: "npm:~0.1.3"
    fast-levenshtein: "npm:~2.0.6"
    levn: "npm:~0.3.0"
    prelude-ls: "npm:~1.1.2"
    type-check: "npm:~0.3.2"
    word-wrap: "npm:~1.2.3"
  checksum: 10c0/ad7000ea661792b3ec5f8f86aac28895850988926f483b5f308f59f4607dfbe24c05df2d049532ee227c040081f39401a268cf7bbf3301512f74c4d760dc6dd8
  languageName: node
  linkType: hard

"picocolors@npm:^1.1.1":
  version: 1.1.1
  resolution: "picocolors@npm:1.1.1"
  checksum: 10c0/e2e3e8170ab9d7c7421969adaa7e1b31434f789afb9b3f115f6b96d91945041ac3ceb02e9ec6fe6510ff036bcc0bf91e69a1772edc0b707e12b19c0f2d6bcf58
  languageName: node
  linkType: hard

"prelude-ls@npm:~1.1.2":
  version: 1.1.2
  resolution: "prelude-ls@npm:1.1.2"
  checksum: 10c0/7284270064f74e0bb7f04eb9bff7be677e4146417e599ccc9c1200f0f640f8b11e592d94eb1b18f7aa9518031913bb42bea9c86af07ba69902864e61005d6f18
  languageName: node
  linkType: hard

"r1csfile@npm:0.0.48":
  version: 0.0.48
  resolution: "r1csfile@npm:0.0.48"
  dependencies:
    "@iden3/bigarray": "npm:0.0.2"
    "@iden3/binfileutils": "npm:0.0.12"
    fastfile: "npm:0.0.20"
    ffjavascript: "npm:0.3.0"
  checksum: 10c0/ea33804b4b51838603873fe4b4975b47e87fd9faad196024e49c02f4e87a0957e5cb333b9f2ac351db5372a7948bbf019218822a10f6b867b96aed90248e3e84
  languageName: node
  linkType: hard

"snarkjs@npm:^0.7.4":
  version: 0.7.5
  resolution: "snarkjs@npm:0.7.5"
  dependencies:
    "@iden3/binfileutils": "npm:0.0.12"
    bfj: "npm:^7.0.2"
    blake2b-wasm: "npm:^2.4.0"
    circom_runtime: "npm:0.1.28"
    ejs: "npm:^3.1.6"
    fastfile: "npm:0.0.20"
    ffjavascript: "npm:0.3.1"
    js-sha3: "npm:^0.8.0"
    logplease: "npm:^1.2.15"
    r1csfile: "npm:0.0.48"
  bin:
    snarkjs: build/cli.cjs
  checksum: 10c0/bc9eb1dac9c5248a4952635edc015185c5f9f268f6d2d29b32934e0b08bc284caaeba7fbc6d712ecff8a4e17c66433ba6b2f2ab5d1a6bb4704c30110fb18e9aa
  languageName: node
  linkType: hard

"source-map@npm:~0.6.1":
  version: 0.6.1
  resolution: "source-map@npm:0.6.1"
  checksum: 10c0/ab55398007c5e5532957cb0beee2368529618ac0ab372d789806f5718123cc4367d57de3904b4e6a4170eb5a0b0f41373066d02ca0735a0c4d75c7d328d3e011
  languageName: node
  linkType: hard

"static-eval@npm:2.0.2":
  version: 2.0.2
  resolution: "static-eval@npm:2.0.2"
  dependencies:
    escodegen: "npm:^1.8.1"
  checksum: 10c0/9bc1114ea5ba2a6978664907c4dd3fde6f58767274f6cb4fbfb11ba3a73cb6e74dc11e89ec4a7bf1472a587c1f976fcd4ab8fe9aae1651f5e576f097745d48ff
  languageName: node
  linkType: hard

"tryer@npm:^1.0.1":
  version: 1.0.1
  resolution: "tryer@npm:1.0.1"
  checksum: 10c0/19070409a0009dc26127636cc14d2415e9cf8b1dc07b29694e57ea8bb5ea1bded012c0e792f6235b46e31189a7b866841668b3850867ff7eac1a6b55332c960d
  languageName: node
  linkType: hard

"type-check@npm:~0.3.2":
  version: 0.3.2
  resolution: "type-check@npm:0.3.2"
  dependencies:
    prelude-ls: "npm:~1.1.2"
  checksum: 10c0/776217116b2b4e50e368c7ee0c22c0a85e982881c16965b90d52f216bc296d6a52ef74f9202d22158caacc092a7645b0b8d5fe529a96e3fe35d0fb393966c875
  languageName: node
  linkType: hard

"underscore@npm:1.12.1":
  version: 1.12.1
  resolution: "underscore@npm:1.12.1"
  checksum: 10c0/00f392357e363353ac485e7c156b749505087e31ff4fdad22e04ebd2f94a56fbc554cd41a6722e3895a818466cf298b1cae93ff6211d102d373a9b50db63bfd0
  languageName: node
  linkType: hard

"wasmbuilder@npm:0.0.16":
  version: 0.0.16
  resolution: "wasmbuilder@npm:0.0.16"
  checksum: 10c0/9e7e25c0b281fb83b272ba628b2f94c3e5ac7a3a488149be3548c52fa7c4502a76339bf2eb6a92e8f23b46da429dda69fe15e794b55c05ba769fe60ff74c73f3
  languageName: node
  linkType: hard

"wasmcurves@npm:0.2.2":
  version: 0.2.2
  resolution: "wasmcurves@npm:0.2.2"
  dependencies:
    wasmbuilder: "npm:0.0.16"
  checksum: 10c0/9ee35e3a333f04f5c1233ad3a59401f20cc1074a4c219a0545337e5ca78a962da4e04155f28edd205b0d52fbcd121d2b0bac4489b011affd0c68dfb7ae37cdab
  languageName: node
  linkType: hard

"web-worker@npm:1.2.0":
  version: 1.2.0
  resolution: "web-worker@npm:1.2.0"
  checksum: 10c0/2bec036cd4784148e2f135207c62facf4457a0f2b205d6728013b9f0d7c62404dced95fcd849478387e10c8ae636d665600bd0d99d80b18c3bb2a7f045aa20d8
  languageName: node
  linkType: hard

"word-wrap@npm:~1.2.3":
  version: 1.2.5
  resolution: "word-wrap@npm:1.2.5"
  checksum: 10c0/e0e4a1ca27599c92a6ca4c32260e8a92e8a44f4ef6ef93f803f8ed823f486e0889fc0b93be4db59c8d51b3064951d25e43d434e95dc8c960cc3a63d65d00ba20
  languageName: node
  linkType: hard

"zkenc-benchmark@workspace:.":
  version: 0.0.0-use.local
  resolution: "zkenc-benchmark@workspace:."
  dependencies:
    circomlib: "npm:^2.0.5"
    ffjavascript: "npm:^0.3.1"
    snarkjs: "npm:^0.7.4"
    zkenc-js: "npm:^0.2.1"
  languageName: unknown
  linkType: soft

"zkenc-js@npm:^0.2.1":
  version: 0.2.1
  resolution: "zkenc-js@npm:0.2.1"
  checksum: 10c0/a1cf86c9331e8d682823d21266e728839c855c1849025fa83d2e1783ef4470d4a5258b5a372ebb2b82f0fb90c196b0cb1e9d2013bdcce3b953b1785f1c4e4bc9
  languageName: node
  linkType: hard
