# This file is generated by running "yarn install" inside your project.
# Manual changes might be lost - proceed with caution!

__metadata:
  version: 8
  cacheKey: 10c0

"zkenc-benchmark@workspace:.":
  version: 0.0.0-use.local
  resolution: "zkenc-benchmark@workspace:."
  dependencies:
    zkenc-js: "npm:^0.2.0"
  languageName: unknown
  linkType: soft

"zkenc-js@npm:^0.2.0":
  version: 0.2.0
  resolution: "zkenc-js@npm:0.2.0"
  checksum: 10c0/503465251b355fcf7f5699ac6af1a55c1636311471da75e03ed70ea15f52fbdfeb83bab4992f9e2a06dc3a45daa6544d673e6c2741527b68a212900fb2ce21e1
  languageName: node
  linkType: hard
